
Microsoft Visual Studio Solution File, Format Version 12.00
# Visual Studio Version 17
VisualStudioVersion = 17.9.34723.18
MinimumVisualStudioVersion = 10.0.40219.1
Project("{FAE04EC0-301F-11D3-BF4B-00C04F79EFBC}") = "ApiListener", "ApiListener\ApiListener.csproj", "{CAF0A252-DCC9-4580-977D-C4B8660CA495}"
EndProject
Global
	GlobalSection(SolutionConfigurationPlatforms) = preSolution
		Debug|Any CPU = Debug|Any CPU
		Release|Any CPU = Release|Any CPU
	EndGlobalSection
	GlobalSection(ProjectConfigurationPlatforms) = postSolution
		{CAF0A252-DCC9-4580-977D-C4B8660CA495}.Debug|Any CPU.ActiveCfg = Debug|Any CPU
		{CAF0A252-DCC9-4580-977D-C4B8660CA495}.Debug|Any CPU.Build.0 = Debug|Any CPU
		{CAF0A252-DCC9-4580-977D-C4B8660CA495}.Release|Any CPU.ActiveCfg = Release|Any CPU
		{CAF0A252-DCC9-4580-977D-C4B8660CA495}.Release|Any CPU.Build.0 = Release|Any CPU
	EndGlobalSection
	GlobalSection(SolutionProperties) = preSolution
		HideSolutionNode = FALSE
	EndGlobalSection
	GlobalSection(ExtensibilityGlobals) = postSolution
		SolutionGuid = {F19142CB-8751-4991-B26C-A13B7A4F23DA}
	EndGlobalSection
EndGlobal
